Microsoft Visual Studio Solution File, Format Version 12.00
# Visual Studio Version 17
VisualStudioVersion = 17.5.2.0
MinimumVisualStudioVersion = 10.0.40219.1
Project("{FAE04EC0-301F-11D3-BF4B-00C04F79EFBC}") = "lab21v9", "lab21v9.csproj", "{791CBFEE-C6BA-12EB-EAC4-D6C5A5AD2517}"
EndProject
Global
	GlobalSection(SolutionConfigurationPlatforms) = preSolution
		Debug|Any CPU = Debug|Any CPU
		Release|Any CPU = Release|Any CPU
	EndGlobalSection
	GlobalSection(ProjectConfigurationPlatforms) = postSolution
		{791CBFEE-C6BA-12EB-EAC4-D6C5A5AD2517}.Debug|Any CPU.ActiveCfg = Debug|Any CPU
		{791CBFEE-C6BA-12EB-EAC4-D6C5A5AD2517}.Debug|Any CPU.Build.0 = Debug|Any CPU
		{791CBFEE-C6BA-12EB-EAC4-D6C5A5AD2517}.Release|Any CPU.ActiveCfg = Release|Any CPU
		{791CBFEE-C6BA-12EB-EAC4-D6C5A5AD2517}.Release|Any CPU.Build.0 = Release|Any CPU
	EndGlobalSection
	GlobalSection(SolutionProperties) = preSolution
		HideSolutionNode = FALSE
	EndGlobalSection
	GlobalSection(ExtensibilityGlobals) = postSolution
		SolutionGuid = {AFBDD812-D455-4B77-BA2F-E160F4E47E62}
	EndGlobalSection
EndGlobal
