Microsoft Visual Studio Solution File, Format Version 12.00
# Visual Studio Version 17
VisualStudioVersion = 17.5.2.0
MinimumVisualStudioVersion = 10.0.40219.1
Project("{FAE04EC0-301F-11D3-BF4B-00C04F79EFBC}") = "lab6v9", "lab6v9.csproj", "{7C179DAF-A485-E4D8-6E66-52D3C17D6354}"
EndProject
Global
	GlobalSection(SolutionConfigurationPlatforms) = preSolution
		Debug|Any CPU = Debug|Any CPU
		Release|Any CPU = Release|Any CPU
	EndGlobalSection
	GlobalSection(ProjectConfigurationPlatforms) = postSolution
		{7C179DAF-A485-E4D8-6E66-52D3C17D6354}.Debug|Any CPU.ActiveCfg = Debug|Any CPU
		{7C179DAF-A485-E4D8-6E66-52D3C17D6354}.Debug|Any CPU.Build.0 = Debug|Any CPU
		{7C179DAF-A485-E4D8-6E66-52D3C17D6354}.Release|Any CPU.ActiveCfg = Release|Any CPU
		{7C179DAF-A485-E4D8-6E66-52D3C17D6354}.Release|Any CPU.Build.0 = Release|Any CPU
	EndGlobalSection
	GlobalSection(SolutionProperties) = preSolution
		HideSolutionNode = FALSE
	EndGlobalSection
	GlobalSection(ExtensibilityGlobals) = postSolution
		SolutionGuid = {C2F571BD-C62E-4F6B-8D99-1E170304160F}
	EndGlobalSection
EndGlobal
